// !$*UTF8*$!
{
	archiveVersion = 1;
	classes = {
	};
	objectVersion = 55;
	objects = {

/* Begin PBXBuildFile section */
		7D4BE97C2811CD31008318A5 /* AppDelegate.swift in Sources */ = {isa = PBXBuildFile; fileRef = 7D4BE97B2811CD31008318A5 /* AppDelegate.swift */; };
		7D4BE97E2811CD31008318A5 /* SceneDelegate.swift in Sources */ = {isa = PBXBuildFile; fileRef = 7D4BE97D2811CD31008318A5 /* SceneDelegate.swift */; };
		7D4BE9802811CD31008318A5 /* ViewController.swift in Sources */ = {isa = PBXBuildFile; fileRef = 7D4BE97F2811CD31008318A5 /* ViewController.swift */; };
		7D4BE9832811CD31008318A5 /* Main.storyboard in Resources */ = {isa = PBXBuildFile; fileRef = 7D4BE9812811CD31008318A5 /* Main.storyboard */; };
		7D4BE9862811CD31008318A5 /* BurgerHouse.xcdatamodeld in Sources */ = {isa = PBXBuildFile; fileRef = 7D4BE9842811CD31008318A5 /* BurgerHouse.xcdatamodeld */; };
		7D4BE9882811CD33008318A5 /* Assets.xcassets in Resources */ = {isa = PBXBuildFile; fileRef = 7D4BE9872811CD33008318A5 /* Assets.xcassets */; };
		7D4BE98B2811CD33008318A5 /* LaunchScreen.storyboard in Resources */ = {isa = PBXBuildFile; fileRef = 7D4BE9892811CD33008318A5 /* LaunchScreen.storyboard */; };
		7D4BE9962811CD34008318A5 /* BurgerHouseTests.swift in Sources */ = {isa = PBXBuildFile; fileRef = 7D4BE9952811CD34008318A5 /* BurgerHouseTests.swift */; };
		7D4BE9A02811CD34008318A5 /* BurgerHouseUITests.swift in Sources */ = {isa = PBXBuildFile; fileRef = 7D4BE99F2811CD34008318A5 /* BurgerHouseUITests.swift */; };
		7D4BE9A22811CD34008318A5 /* BurgerHouseUITestsLaunchTests.swift in Sources */ = {isa = PBXBuildFile; fileRef = 7D4BE9A12811CD34008318A5 /* BurgerHouseUITestsLaunchTests.swift */; };
/* End PBXBuildFile section */

/* Begin PBXContainerItemProxy section */
		7D4BE9922811CD34008318A5 /* PBXContainerItemProxy */ = {
			isa = PBXContainerItemProxy;
			containerPortal = 7D4BE9702811CD31008318A5 /* Project object */;
			proxyType = 1;
			remoteGlobalIDString = 7D4BE9772811CD31008318A5;
			remoteInfo = BurgerHouse;
		};
		7D4BE99C2811CD34008318A5 /* PBXContainerItemProxy */ = {
			isa = PBXContainerItemProxy;
			containerPortal = 7D4BE9702811CD31008318A5 /* Project object */;
			proxyType = 1;
			remoteGlobalIDString = 7D4BE9772811CD31008318A5;
			remoteInfo = BurgerHouse;
		};
/* End PBXContainerItemProxy section */

/* Begin PBXFileReference section */
		7D4BE9782811CD31008318A5 /* BurgerHouse.app */ = {isa = PBXFileReference; explicitFileType = wrapper.application; includeInIndex = 0; path = BurgerHouse.app; sourceTree = BUILT_PRODUCTS_DIR; };
		7D4BE97B2811CD31008318A5 /* AppDelegate.swift */ = {isa = PBXFileReference; lastKnownFileType = sourcecode.swift; path = AppDelegate.swift; sourceTree = "<group>"; };
		7D4BE97D2811CD31008318A5 /* SceneDelegate.swift */ = {isa = PBXFileReference; lastKnownFileType = sourcecode.swift; path = SceneDelegate.swift; sourceTree = "<group>"; };
		7D4BE97F2811CD31008318A5 /* ViewController.swift */ = {isa = PBXFileReference; lastKnownFileType = sourcecode.swift; path = ViewController.swift; sourceTree = "<group>"; };
		7D4BE9822811CD31008318A5 /* Base */ = {isa = PBXFileReference; lastKnownFileType = file.storyboard; name = Base; path = Base.lproj/Main.storyboard; sourceTree = "<group>"; };
		7D4BE9852811CD31008318A5 /* BurgerHouse.xcdatamodel */ = {isa = PBXFileReference; lastKnownFileType = wrapper.xcdatamodel; path = BurgerHouse.xcdatamodel; sourceTree = "<group>"; };
		7D4BE9872811CD33008318A5 /* Assets.xcassets */ = {isa = PBXFileReference; lastKnownFileType = folder.assetcatalog; path = Assets.xcassets; sourceTree = "<group>"; };
		7D4BE98A2811CD33008318A5 /* Base */ = {isa = PBXFileReference; lastKnownFileType = file.storyboard; name = Base; path = Base.lproj/LaunchScreen.storyboard; sourceTree = "<group>"; };
		7D4BE98C2811CD33008318A5 /* Info.plist */ = {isa = PBXFileReference; lastKnownFileType = text.plist.xml; path = Info.plist; sourceTree = "<group>"; };
		7D4BE9912811CD34008318A5 /* BurgerHouseTests.xctest */ = {isa = PBXFileReference; explicitFileType = wrapper.cfbundle; includeInIndex = 0; path = BurgerHouseTests.xctest; sourceTree = BUILT_PRODUCTS_DIR; };
		7D4BE9952811CD34008318A5 /* BurgerHouseTests.swift */ = {isa = PBXFileReference; lastKnownFileType = sourcecode.swift; path = BurgerHouseTests.swift; sourceTree = "<group>"; };
		7D4BE99B2811CD34008318A5 /* BurgerHouseUITests.xctest */ = {isa = PBXFileReference; explicitFileType = wrapper.cfbundle; includeInIndex = 0; path = BurgerHouseUITests.xctest; sourceTree = BUILT_PRODUCTS_DIR; };
		7D4BE99F2811CD34008318A5 /* BurgerHouseUITests.swift */ = {isa = PBXFileReference; lastKnownFileType = sourcecode.swift; path = BurgerHouseUITests.swift; sourceTree = "<group>"; };
		7D4BE9A12811CD34008318A5 /* BurgerHouseUITestsLaunchTests.swift */ = {isa = PBXFileReference; lastKnownFileType = sourcecode.swift; path = BurgerHouseUITestsLaunchTests.swift; sourceTree = "<group>"; };
/* End PBXFileReference section */

/* Begin PBXFrameworksBuildPhase section */
		7D4BE9752811CD31008318A5 /* Frameworks */ = {
			isa = PBXFrameworksBuildPhase;
			buildActionMask = 2147483647;
			files = (
			);
			runOnlyForDeploymentPostprocessing = 0;
		};
		7D4BE98E2811CD34008318A5 /* Frameworks */ = {
			isa = PBXFrameworksBuildPhase;
			buildActionMask = 2147483647;
			files = (
			);
			runOnlyForDeploymentPostprocessing = 0;
		};
		7D4BE9982811CD34008318A5 /* Frameworks */ = {
			isa = PBXFrameworksBuildPhase;
			buildActionMask = 2147483647;
			files = (
			);
			runOnlyForDeploymentPostprocessing = 0;
		};
/* End PBXFrameworksBuildPhase section */

/* Begin PBXGroup section */
		7D4BE96F2811CD31008318A5 = {
			isa = PBXGroup;
			children = (
				7D4BE97A2811CD31008318A5 /* BurgerHouse */,
				7D4BE9942811CD34008318A5 /* BurgerHouseTests */,
				7D4BE99E2811CD34008318A5 /* BurgerHouseUITests */,
				7D4BE9792811CD31008318A5 /* Products */,
			);
			sourceTree = "<group>";
		};
		7D4BE9792811CD31008318A5 /* Products */ = {
			isa = PBXGroup;
			children = (
				7D4BE9782811CD31008318A5 /* BurgerHouse.app */,
				7D4BE9912811CD34008318A5 /* BurgerHouseTests.xctest */,
				7D4BE99B2811CD34008318A5 /* BurgerHouseUITests.xctest */,
			);
			name = Products;
			sourceTree = "<group>";
		};
		7D4BE97A2811CD31008318A5 /* BurgerHouse */ = {
			isa = PBXGroup;
			children = (
				7D4BE97B2811CD31008318A5 /* AppDelegate.swift */,
				7D4BE97D2811CD31008318A5 /* SceneDelegate.swift */,
				7D4BE97F2811CD31008318A5 /* ViewController.swift */,
				7D4BE9812811CD31008318A5 /* Main.storyboard */,
				7D4BE9872811CD33008318A5 /* Assets.xcassets */,
				7D4BE9892811CD33008318A5 /* LaunchScreen.storyboard */,
				7D4BE98C2811CD33008318A5 /* Info.plist */,
				7D4BE9842811CD31008318A5 /* BurgerHouse.xcdatamodeld */,
			);
			path = BurgerHouse;
			sourceTree = "<group>";
		};
		7D4BE9942811CD34008318A5 /* BurgerHouseTests */ = {
			isa = PBXGroup;
			children = (
				7D4BE9952811CD34008318A5 /* BurgerHouseTests.swift */,
			);
			path = BurgerHouseTests;
			sourceTree = "<group>";
		};
		7D4BE99E2811CD34008318A5 /* BurgerHouseUITests */ = {
			isa = PBXGroup;
			children = (
				7D4BE99F2811CD34008318A5 /* BurgerHouseUITests.swift */,
				7D4BE9A12811CD34008318A5 /* BurgerHouseUITestsLaunchTests.swift */,
			);
			path = BurgerHouseUITests;
			sourceTree = "<group>";
		};
/* End PBXGroup section */

/* Begin PBXNativeTarget section */
		7D4BE9772811CD31008318A5 /* BurgerHouse */ = {
			isa = PBXNativeTarget;
			buildConfigurationList = 7D4BE9A52811CD34008318A5 /* Build configuration list for PBXNativeTarget "BurgerHouse" */;
			buildPhases = (
				7D4BE9742811CD31008318A5 /* Sources */,
				7D4BE9752811CD31008318A5 /* Frameworks */,
				7D4BE9762811CD31008318A5 /* Resources */,
			);
			buildRules = (
			);
			dependencies = (
			);
			name = BurgerHouse;
			productName = BurgerHouse;
			productReference = 7D4BE9782811CD31008318A5 /* BurgerHouse.app */;
			productType = "com.apple.product-type.application";
		};
		7D4BE9902811CD34008318A5 /* BurgerHouseTests */ = {
			isa = PBXNativeTarget;
			buildConfigurationList = 7D4BE9A82811CD34008318A5 /* Build configuration list for PBXNativeTarget "BurgerHouseTests" */;
			buildPhases = (
				7D4BE98D2811CD34008318A5 /* Sources */,
				7D4BE98E2811CD34008318A5 /* Frameworks */,
				7D4BE98F2811CD34008318A5 /* Resources */,
			);
			buildRules = (
			);
			dependencies = (
				7D4BE9932811CD34008318A5 /* PBXTargetDependency */,
			);
			name = BurgerHouseTests;
			productName = BurgerHouseTests;
			productReference = 7D4BE9912811CD34008318A5 /* BurgerHouseTests.xctest */;
			productType = "com.apple.product-type.bundle.unit-test";
		};
		7D4BE99A2811CD34008318A5 /* BurgerHouseUITests */ = {
			isa = PBXNativeTarget;
			buildConfigurationList = 7D4BE9AB2811CD34008318A5 /* Build configuration list for PBXNativeTarget "BurgerHouseUITests" */;
			buildPhases = (
				7D4BE9972811CD34008318A5 /* Sources */,
				7D4BE9982811CD34008318A5 /* Frameworks */,
				7D4BE9992811CD34008318A5 /* Resources */,
			);
			buildRules = (
			);
			dependencies = (
				7D4BE99D2811CD34008318A5 /* PBXTargetDependency */,
			);
			name = BurgerHouseUITests;
			productName = BurgerHouseUITests;
			productReference = 7D4BE99B2811CD34008318A5 /* BurgerHouseUITests.xctest */;
			productType = "com.apple.product-type.bundle.ui-testing";
		};
/* End PBXNativeTarget section */

/* Begin PBXProject section */
		7D4BE9702811CD31008318A5 /* Project object */ = {
			isa = PBXProject;
			attributes = {
				BuildIndependentTargetsInParallel = 1;
				LastSwiftUpdateCheck = 1330;
				LastUpgradeCheck = 1330;
				TargetAttributes = {
					7D4BE9772811CD31008318A5 = {
						CreatedOnToolsVersion = 13.3.1;
					};
					7D4BE9902811CD34008318A5 = {
						CreatedOnToolsVersion = 13.3.1;
						TestTargetID = 7D4BE9772811CD31008318A5;
					};
					7D4BE99A2811CD34008318A5 = {
						CreatedOnToolsVersion = 13.3.1;
						TestTargetID = 7D4BE9772811CD31008318A5;
					};
				};
			};
			buildConfigurationList = 7D4BE9732811CD31008318A5 /* Build configuration list for PBXProject "BurgerHouse" */;
			compatibilityVersion = "Xcode 13.0";
			developmentRegion = en;
			hasScannedForEncodings = 0;
			knownRegions = (
				en,
				Base,
			);
			mainGroup = 7D4BE96F2811CD31008318A5;
			productRefGroup = 7D4BE9792811CD31008318A5 /* Products */;
			projectDirPath = "";
			projectRoot = "";
			targets = (
				7D4BE9772811CD31008318A5 /* BurgerHouse */,
				7D4BE9902811CD34008318A5 /* BurgerHouseTests */,
				7D4BE99A2811CD34008318A5 /* BurgerHouseUITests */,
			);
		};
/* End PBXProject section */

/* Begin PBXResourcesBuildPhase section */
		7D4BE9762811CD31008318A5 /* Resources */ = {
			isa = PBXResourcesBuildPhase;
			buildActionMask = 2147483647;
			files = (
				7D4BE98B2811CD33008318A5 /* LaunchScreen.storyboard in Resources */,
				7D4BE9882811CD33008318A5 /* Assets.xcassets in Resources */,
				7D4BE9832811CD31008318A5 /* Main.storyboard in Resources */,
			);
			runOnlyForDeploymentPostprocessing = 0;
		};
		7D4BE98F2811CD34008318A5 /* Resources */ = {
			isa = PBXResourcesBuildPhase;
			buildActionMask = 2147483647;
			files = (
			);
			runOnlyForDeploymentPostprocessing = 0;
		};
		7D4BE9992811CD34008318A5 /* Resources */ = {
			isa = PBXResourcesBuildPhase;
			buildActionMask = 2147483647;
			files = (
			);
			runOnlyForDeploymentPostprocessing = 0;
		};
/* End PBXResourcesBuildPhase section */

/* Begin PBXSourcesBuildPhase section */
		7D4BE9742811CD31008318A5 /* Sources */ = {
			isa = PBXSourcesBuildPhase;
			buildActionMask = 2147483647;
			files = (
				7D4BE9802811CD31008318A5 /* ViewController.swift in Sources */,
				7D4BE97C2811CD31008318A5 /* AppDelegate.swift in Sources */,
				7D4BE97E2811CD31008318A5 /* SceneDelegate.swift in Sources */,
				7D4BE9862811CD31008318A5 /* BurgerHouse.xcdatamodeld in Sources */,
			);
			runOnlyForDeploymentPostprocessing = 0;
		};
		7D4BE98D2811CD34008318A5 /* Sources */ = {
			isa = PBXSourcesBuildPhase;
			buildActionMask = 2147483647;
			files = (
				7D4BE9962811CD34008318A5 /* BurgerHouseTests.swift in Sources */,
			);
			runOnlyForDeploymentPostprocessing = 0;
		};
		7D4BE9972811CD34008318A5 /* Sources */ = {
			isa = PBXSourcesBuildPhase;
			buildActionMask = 2147483647;
			files = (
				7D4BE9A22811CD34008318A5 /* BurgerHouseUITestsLaunchTests.swift in Sources */,
				7D4BE9A02811CD34008318A5 /* BurgerHouseUITests.swift in Sources */,
			);
			runOnlyForDeploymentPostprocessing = 0;
		};
/* End PBXSourcesBuildPhase section */

/* Begin PBXTargetDependency section */
		7D4BE9932811CD34008318A5 /* PBXTargetDependency */ = {
			isa = PBXTargetDependency;
			target = 7D4BE9772811CD31008318A5 /* BurgerHouse */;
			targetProxy = 7D4BE9922811CD34008318A5 /* PBXContainerItemProxy */;
		};
		7D4BE99D2811CD34008318A5 /* PBXTargetDependency */ = {
			isa = PBXTargetDependency;
			target = 7D4BE9772811CD31008318A5 /* BurgerHouse */;
			targetProxy = 7D4BE99C2811CD34008318A5 /* PBXContainerItemProxy */;
		};
/* End PBXTargetDependency section */

/* Begin PBXVariantGroup section */
		7D4BE9812811CD31008318A5 /* Main.storyboard */ = {
			isa = PBXVariantGroup;
			children = (
				7D4BE9822811CD31008318A5 /* Base */,
			);
			name = Main.storyboard;
			sourceTree = "<group>";
		};
		7D4BE9892811CD33008318A5 /* LaunchScreen.storyboard */ = {
			isa = PBXVariantGroup;
			children = (
				7D4BE98A2811CD33008318A5 /* Base */,
			);
			name = LaunchScreen.storyboard;
			sourceTree = "<group>";
		};
/* End PBXVariantGroup section */

/* Begin XCBuildConfiguration section */
		7D4BE9A32811CD34008318A5 /* Debug */ = {
			isa = XCBuildConfiguration;
			buildSettings = {
				ALWAYS_SEARCH_USER_PATHS = NO;
				CLANG_ANALYZER_NONNULL = YES;
				CLANG_ANALYZER_NUMBER_OBJECT_CONVERSION = YES_AGGRESSIVE;
				CLANG_CXX_LANGUAGE_STANDARD = "gnu++17";
				CLANG_ENABLE_MODULES = YES;
				CLANG_ENABLE_OBJC_ARC = YES;
				CLANG_ENABLE_OBJC_WEAK = YES;
				CLANG_WARN_BLOCK_CAPTURE_AUTORELEASING = YES;
				CLANG_WARN_BOOL_CONVERSION = YES;
				CLANG_WARN_COMMA = YES;
				CLANG_WARN_CONSTANT_CONVERSION = YES;
				CLANG_WARN_DEPRECATED_OBJC_IMPLEMENTATIONS = YES;
				CLANG_WARN_DIRECT_OBJC_ISA_USAGE = YES_ERROR;
				CLANG_WARN_DOCUMENTATION_COMMENTS = YES;
				CLANG_WARN_EMPTY_BODY = YES;
				CLANG_WARN_ENUM_CONVERSION = YES;
				CLANG_WARN_INFINITE_RECURSION = YES;
				CLANG_WARN_INT_CONVERSION = YES;
				CLANG_WARN_NON_LITERAL_NULL_CONVERSION = YES;
				CLANG_WARN_OBJC_IMPLICIT_RETAIN_SELF = YES;
				CLANG_WARN_OBJC_LITERAL_CONVERSION = YES;
				CLANG_WARN_OBJC_ROOT_CLASS = YES_ERROR;
				CLANG_WARN_QUOTED_INCLUDE_IN_FRAMEWORK_HEADER = YES;
				CLANG_WARN_RANGE_LOOP_ANALYSIS = YES;
				CLANG_WARN_STRICT_PROTOTYPES = YES;
				CLANG_WARN_SUSPICIOUS_MOVE = YES;
				CLANG_WARN_UNGUARDED_AVAILABILITY = YES_AGGRESSIVE;
				CLANG_WARN_UNREACHABLE_CODE = YES;
				CLANG_WARN__DUPLICATE_METHOD_MATCH = YES;
				COPY_PHASE_STRIP = NO;
				DEBUG_INFORMATION_FORMAT = dwarf;
				ENABLE_STRICT_OBJC_MSGSEND = YES;
				ENABLE_TESTABILITY = YES;
				GCC_C_LANGUAGE_STANDARD = gnu11;
				GCC_DYNAMIC_NO_PIC = NO;
				GCC_NO_COMMON_BLOCKS = YES;
				GCC_OPTIMIZATION_LEVEL = 0;
				GCC_PREPROCESSOR_DEFINITIONS = (
					"DEBUG=1",
					"$(inherited)",
				);
				GCC_WARN_64_TO_32_BIT_CONVERSION = YES;
				GCC_WARN_ABOUT_RETURN_TYPE = YES_ERROR;
				GCC_WARN_UNDECLARED_SELECTOR = YES;
				GCC_WARN_UNINITIALIZED_AUTOS = YES_AGGRESSIVE;
				GCC_WARN_UNUSED_FUNCTION = YES;
				GCC_WARN_UNUSED_VARIABLE = YES;
				IPHONEOS_DEPLOYMENT_TARGET = 15.4;
				MTL_ENABLE_DEBUG_INFO = INCLUDE_SOURCE;
				MTL_FAST_MATH = YES;
				ONLY_ACTIVE_ARCH = YES;
				SDKROOT = iphoneos;
				SWIFT_ACTIVE_COMPILATION_CONDITIONS = DEBUG;
				SWIFT_OPTIMIZATION_LEVEL = "-Onone";
			};
			name = Debug;
		};
		7D4BE9A42811CD34008318A5 /* Release */ = {
			isa = XCBuildConfiguration;
			buildSettings = {
				ALWAYS_SEARCH_USER_PATHS = NO;
				CLANG_ANALYZER_NONNULL = YES;
				CLANG_ANALYZER_NUMBER_OBJECT_CONVERSION = YES_AGGRESSIVE;
				CLANG_CXX_LANGUAGE_STANDARD = "gnu++17";
				CLANG_ENABLE_MODULES = YES;
				CLANG_ENABLE_OBJC_ARC = YES;
				CLANG_ENABLE_OBJC_WEAK = YES;
				CLANG_WARN_BLOCK_CAPTURE_AUTORELEASING = YES;
				CLANG_WARN_BOOL_CONVERSION = YES;
				CLANG_WARN_COMMA = YES;
				CLANG_WARN_CONSTANT_CONVERSION = YES;
				CLANG_WARN_DEPRECATED_OBJC_IMPLEMENTATIONS = YES;
				CLANG_WARN_DIRECT_OBJC_ISA_USAGE = YES_ERROR;
				CLANG_WARN_DOCUMENTATION_COMMENTS = YES;
				CLANG_WARN_EMPTY_BODY = YES;
				CLANG_WARN_ENUM_CONVERSION = YES;
				CLANG_WARN_INFINITE_RECURSION = YES;
				CLANG_WARN_INT_CONVERSION = YES;
				CLANG_WARN_NON_LITERAL_NULL_CONVERSION = YES;
				CLANG_WARN_OBJC_IMPLICIT_RETAIN_SELF = YES;
				CLANG_WARN_OBJC_LITERAL_CONVERSION = YES;
				CLANG_WARN_OBJC_ROOT_CLASS = YES_ERROR;
				CLANG_WARN_QUOTED_INCLUDE_IN_FRAMEWORK_HEADER = YES;
				CLANG_WARN_RANGE_LOOP_ANALYSIS = YES;
				CLANG_WARN_STRICT_PROTOTYPES = YES;
				CLANG_WARN_SUSPICIOUS_MOVE = YES;
				CLANG_WARN_UNGUARDED_AVAILABILITY = YES_AGGRESSIVE;
				CLANG_WARN_UNREACHABLE_CODE = YES;
				CLANG_WARN__DUPLICATE_METHOD_MATCH = YES;
				COPY_PHASE_STRIP = NO;
				DEBUG_INFORMATION_FORMAT = "dwarf-with-dsym";
				ENABLE_NS_ASSERTIONS = NO;
				ENABLE_STRICT_OBJC_MSGSEND = YES;
				GCC_C_LANGUAGE_STANDARD = gnu11;
				GCC_NO_COMMON_BLOCKS = YES;
				GCC_WARN_64_TO_32_BIT_CONVERSION = YES;
				GCC_WARN_ABOUT_RETURN_TYPE = YES_ERROR;
				GCC_WARN_UNDECLARED_SELECTOR = YES;
				GCC_WARN_UNINITIALIZED_AUTOS = YES_AGGRESSIVE;
				GCC_WARN_UNUSED_FUNCTION = YES;
				GCC_WARN_UNUSED_VARIABLE = YES;
				IPHONEOS_DEPLOYMENT_TARGET = 15.4;
				MTL_ENABLE_DEBUG_INFO = NO;
				MTL_FAST_MATH = YES;
				SDKROOT = iphoneos;
				SWIFT_COMPILATION_MODE = wholemodule;
				SWIFT_OPTIMIZATION_LEVEL = "-O";
				VALIDATE_PRODUCT = YES;
			};
			name = Release;
		};
		7D4BE9A62811CD34008318A5 /* Debug */ = {
			isa = XCBuildConfiguration;
			buildSettings = {
				ASSETCATALOG_COMPILER_APPICON_NAME = AppIcon;
				ASSETCATALOG_COMPILER_GLOBAL_ACCENT_COLOR_NAME = AccentColor;
				CODE_SIGN_STYLE = Automatic;
				CURRENT_PROJECT_VERSION = 1;
				DEVELOPMENT_TEAM = WJM24K3YHR;
				GENERATE_INFOPLIST_FILE = YES;
				INFOPLIST_FILE = BurgerHouse/Info.plist;
				INFOPLIST_KEY_UIApplicationSupportsIndirectInputEvents = YES;
				INFOPLIST_KEY_UILaunchStoryboardName = LaunchScreen;
				INFOPLIST_KEY_UIMainStoryboardFile = Main;
				INFOPLIST_KEY_UISupportedInterfaceOrientations_iPad = "UIInterfaceOrientationPortrait UIInterfaceOrientationPortraitUpsideDown UIInterfaceOrientationLandscapeLeft UIInterfaceOrientationLandscapeRight";
				INFOPLIST_KEY_UISupportedInterfaceOrientations_iPhone = "UIInterfaceOrientationPortrait UIInterfaceOrientationLandscapeLeft UIInterfaceOrientationLandscapeRight";
				LD_RUNPATH_SEARCH_PATHS = (
					"$(inherited)",
					"@executable_path/Frameworks",
				);
				MARKETING_VERSION = 1.0;
				PRODUCT_BUNDLE_IDENTIFIER = "com.Rubis-Vladimir.BurgerHouse";
				PRODUCT_NAME = "$(TARGET_NAME)";
				SWIFT_EMIT_LOC_STRINGS = YES;
				SWIFT_VERSION = 5.0;
				TARGETED_DEVICE_FAMILY = "1,2";
			};
			name = Debug;
		};
		7D4BE9A72811CD34008318A5 /* Release */ = {
			isa = XCBuildConfiguration;
			buildSettings = {
				ASSETCATALOG_COMPILER_APPICON_NAME = AppIcon;
				ASSETCATALOG_COMPILER_GLOBAL_ACCENT_COLOR_NAME = AccentColor;
				CODE_SIGN_STYLE = Automatic;
				CURRENT_PROJECT_VERSION = 1;
				DEVELOPMENT_TEAM = WJM24K3YHR;
				GENERATE_INFOPLIST_FILE = YES;
				INFOPLIST_FILE = BurgerHouse/Info.plist;
				INFOPLIST_KEY_UIApplicationSupportsIndirectInputEvents = YES;
				INFOPLIST_KEY_UILaunchStoryboardName = LaunchScreen;
				INFOPLIST_KEY_UIMainStoryboardFile = Main;
				INFOPLIST_KEY_UISupportedInterfaceOrientations_iPad = "UIInterfaceOrientationPortrait UIInterfaceOrientationPortraitUpsideDown UIInterfaceOrientationLandscapeLeft UIInterfaceOrientationLandscapeRight";
				INFOPLIST_KEY_UISupportedInterfaceOrientations_iPhone = "UIInterfaceOrientationPortrait UIInterfaceOrientationLandscapeLeft UIInterfaceOrientationLandscapeRight";
				LD_RUNPATH_SEARCH_PATHS = (
					"$(inherited)",
					"@executable_path/Frameworks",
				);
				MARKETING_VERSION = 1.0;
				PRODUCT_BUNDLE_IDENTIFIER = "com.Rubis-Vladimir.BurgerHouse";
				PRODUCT_NAME = "$(TARGET_NAME)";
				SWIFT_EMIT_LOC_STRINGS = YES;
				SWIFT_VERSION = 5.0;
				TARGETED_DEVICE_FAMILY = "1,2";
			};
			name = Release;
		};
		7D4BE9A92811CD34008318A5 /* Debug */ = {
			isa = XCBuildConfiguration;
			buildSettings = {
				ALWAYS_EMBED_SWIFT_STANDARD_LIBRARIES = YES;
				BUNDLE_LOADER = "$(TEST_HOST)";
				CODE_SIGN_STYLE = Automatic;
				CURRENT_PROJECT_VERSION = 1;
				DEVELOPMENT_TEAM = WJM24K3YHR;
				GENERATE_INFOPLIST_FILE = YES;
				IPHONEOS_DEPLOYMENT_TARGET = 15.4;
				MARKETING_VERSION = 1.0;
				PRODUCT_BUNDLE_IDENTIFIER = "com.Rubis-Vladimir.BurgerHouseTests";
				PRODUCT_NAME = "$(TARGET_NAME)";
				SWIFT_EMIT_LOC_STRINGS = NO;
				SWIFT_VERSION = 5.0;
				TARGETED_DEVICE_FAMILY = "1,2";
				TEST_HOST = "$(BUILT_PRODUCTS_DIR)/BurgerHouse.app/BurgerHouse";
			};
			name = Debug;
		};
		7D4BE9AA2811CD34008318A5 /* Release */ = {
			isa = XCBuildConfiguration;
			buildSettings = {
				ALWAYS_EMBED_SWIFT_STANDARD_LIBRARIES = YES;
				BUNDLE_LOADER = "$(TEST_HOST)";
				CODE_SIGN_STYLE = Automatic;
				CURRENT_PROJECT_VERSION = 1;
				DEVELOPMENT_TEAM = WJM24K3YHR;
				GENERATE_INFOPLIST_FILE = YES;
				IPHONEOS_DEPLOYMENT_TARGET = 15.4;
				MARKETING_VERSION = 1.0;
				PRODUCT_BUNDLE_IDENTIFIER = "com.Rubis-Vladimir.BurgerHouseTests";
				PRODUCT_NAME = "$(TARGET_NAME)";
				SWIFT_EMIT_LOC_STRINGS = NO;
				SWIFT_VERSION = 5.0;
				TARGETED_DEVICE_FAMILY = "1,2";
				TEST_HOST = "$(BUILT_PRODUCTS_DIR)/BurgerHouse.app/BurgerHouse";
			};
			name = Release;
		};
		7D4BE9AC2811CD34008318A5 /* Debug */ = {
			isa = XCBuildConfiguration;
			buildSettings = {
				ALWAYS_EMBED_SWIFT_STANDARD_LIBRARIES = YES;
				CODE_SIGN_STYLE = Automatic;
				CURRENT_PROJECT_VERSION = 1;
				DEVELOPMENT_TEAM = WJM24K3YHR;
				GENERATE_INFOPLIST_FILE = YES;
				MARKETING_VERSION = 1.0;
				PRODUCT_BUNDLE_IDENTIFIER = "com.Rubis-Vladimir.BurgerHouseUITests";
				PRODUCT_NAME = "$(TARGET_NAME)";
				SWIFT_EMIT_LOC_STRINGS = NO;
				SWIFT_VERSION = 5.0;
				TARGETED_DEVICE_FAMILY = "1,2";
				TEST_TARGET_NAME = BurgerHouse;
			};
			name = Debug;
		};
		7D4BE9AD2811CD34008318A5 /* Release */ = {
			isa = XCBuildConfiguration;
			buildSettings = {
				ALWAYS_EMBED_SWIFT_STANDARD_LIBRARIES = YES;
				CODE_SIGN_STYLE = Automatic;
				CURRENT_PROJECT_VERSION = 1;
				DEVELOPMENT_TEAM = WJM24K3YHR;
				GENERATE_INFOPLIST_FILE = YES;
				MARKETING_VERSION = 1.0;
				PRODUCT_BUNDLE_IDENTIFIER = "com.Rubis-Vladimir.BurgerHouseUITests";
				PRODUCT_NAME = "$(TARGET_NAME)";
				SWIFT_EMIT_LOC_STRINGS = NO;
				SWIFT_VERSION = 5.0;
				TARGETED_DEVICE_FAMILY = "1,2";
				TEST_TARGET_NAME = BurgerHouse;
			};
			name = Release;
		};
/* End XCBuildConfiguration section */

/* Begin XCConfigurationList section */
		7D4BE9732811CD31008318A5 /* Build configuration list for PBXProject "BurgerHouse" */ = {
			isa = XCConfigurationList;
			buildConfigurations = (
				7D4BE9A32811CD34008318A5 /* Debug */,
				7D4BE9A42811CD34008318A5 /* Release */,
			);
			defaultConfigurationIsVisible = 0;
			defaultConfigurationName = Release;
		};
		7D4BE9A52811CD34008318A5 /* Build configuration list for PBXNativeTarget "BurgerHouse" */ = {
			isa = XCConfigurationList;
			buildConfigurations = (
				7D4BE9A62811CD34008318A5 /* Debug */,
				7D4BE9A72811CD34008318A5 /* Release */,
			);
			defaultConfigurationIsVisible = 0;
			defaultConfigurationName = Release;
		};
		7D4BE9A82811CD34008318A5 /* Build configuration list for PBXNativeTarget "BurgerHouseTests" */ = {
			isa = XCConfigurationList;
			buildConfigurations = (
				7D4BE9A92811CD34008318A5 /* Debug */,
				7D4BE9AA2811CD34008318A5 /* Release */,
			);
			defaultConfigurationIsVisible = 0;
			defaultConfigurationName = Release;
		};
		7D4BE9AB2811CD34008318A5 /* Build configuration list for PBXNativeTarget "BurgerHouseUITests" */ = {
			isa = XCConfigurationList;
			buildConfigurations = (
				7D4BE9AC2811CD34008318A5 /* Debug */,
				7D4BE9AD2811CD34008318A5 /* Release */,
			);
			defaultConfigurationIsVisible = 0;
			defaultConfigurationName = Release;
		};
/* End XCConfigurationList section */

/* Begin XCVersionGroup section */
		7D4BE9842811CD31008318A5 /* BurgerHouse.xcdatamodeld */ = {
			isa = XCVersionGroup;
			children = (
				7D4BE9852811CD31008318A5 /* BurgerHouse.xcdatamodel */,
			);
			currentVersion = 7D4BE9852811CD31008318A5 /* BurgerHouse.xcdatamodel */;
			path = BurgerHouse.xcdatamodeld;
			sourceTree = "<group>";
			versionGroupType = wrapper.xcdatamodel;
		};
/* End XCVersionGroup section */
	};
	rootObject = 7D4BE9702811CD31008318A5 /* Project object */;
}
